// !$*UTF8*$!
{
	archiveVersion = 1;
	classes = {
	};
	objectVersion = 50;
	objects = {

/* Begin PBXBuildFile section */
		C6BDE0B121DEA479006ADD9C /* AppDelegate.swift in Sources */ = {isa = PBXBuildFile; fileRef = C6BDE0B021DEA479006ADD9C /* AppDelegate.swift */; };
		C6BDE0B321DEA479006ADD9C /* TodoListViewController.swift in Sources */ = {isa = PBXBuildFile; fileRef = C6BDE0B221DEA479006ADD9C /* TodoListViewController.swift */; };
		C6BDE0B621DEA479006ADD9C /* Main.storyboard in Resources */ = {isa = PBXBuildFile; fileRef = C6BDE0B421DEA479006ADD9C /* Main.storyboard */; };
		C6BDE0B821DEA47A006ADD9C /* Assets.xcassets in Resources */ = {isa = PBXBuildFile; fileRef = C6BDE0B721DEA47A006ADD9C /* Assets.xcassets */; };
		C6BDE0BB21DEA47A006ADD9C /* LaunchScreen.storyboard in Resources */ = {isa = PBXBuildFile; fileRef = C6BDE0B921DEA47A006ADD9C /* LaunchScreen.storyboard */; };
		C6BDE0CC21E01B66006ADD9C /* DataModel.xcdatamodeld in Sources */ = {isa = PBXBuildFile; fileRef = C6BDE0CA21E01B66006ADD9C /* DataModel.xcdatamodeld */; };
		C6C56E4521E4C89A0017B34D /* CategoryTableViewController.swift in Sources */ = {isa = PBXBuildFile; fileRef = C6C56E4421E4C89A0017B34D /* CategoryTableViewController.swift */; };
/* End PBXBuildFile section */

/* Begin PBXFileReference section */
		C6BDE0AD21DEA479006ADD9C /* Todoey.app */ = {isa = PBXFileReference; explicitFileType = wrapper.application; includeInIndex = 0; path = Todoey.app; sourceTree = BUILT_PRODUCTS_DIR; };
		C6BDE0B021DEA479006ADD9C /* AppDelegate.swift */ = {isa = PBXFileReference; lastKnownFileType = sourcecode.swift; path = AppDelegate.swift; sourceTree = "<group>"; };
		C6BDE0B221DEA479006ADD9C /* TodoListViewController.swift */ = {isa = PBXFileReference; lastKnownFileType = sourcecode.swift; path = TodoListViewController.swift; sourceTree = "<group>"; };
		C6BDE0B521DEA479006ADD9C /* Base */ = {isa = PBXFileReference; lastKnownFileType = file.storyboard; name = Base; path = Base.lproj/Main.storyboard; sourceTree = "<group>"; };
		C6BDE0B721DEA47A006ADD9C /* Assets.xcassets */ = {isa = PBXFileReference; lastKnownFileType = folder.assetcatalog; path = Assets.xcassets; sourceTree = "<group>"; };
		C6BDE0BA21DEA47A006ADD9C /* Base */ = {isa = PBXFileReference; lastKnownFileType = file.storyboard; name = Base; path = Base.lproj/LaunchScreen.storyboard; sourceTree = "<group>"; };
		C6BDE0BC21DEA47A006ADD9C /* Info.plist */ = {isa = PBXFileReference; lastKnownFileType = text.plist.xml; path = Info.plist; sourceTree = "<group>"; };
		C6BDE0CB21E01B66006ADD9C /* DataModel.xcdatamodel */ = {isa = PBXFileReference; lastKnownFileType = wrapper.xcdatamodel; path = DataModel.xcdatamodel; sourceTree = "<group>"; };
		C6C56E4421E4C89A0017B34D /* CategoryTableViewController.swift */ = {isa = PBXFileReference; lastKnownFileType = sourcecode.swift; name = CategoryTableViewController.swift; path = Todoey/Controllers/CategoryTableViewController.swift; sourceTree = SOURCE_ROOT; };
/* End PBXFileReference section */

/* Begin PBXFrameworksBuildPhase section */
		C6BDE0AA21DEA479006ADD9C /* Frameworks */ = {
			isa = PBXFrameworksBuildPhase;
			buildActionMask = 2147483647;
			files = (
			);
			runOnlyForDeploymentPostprocessing = 0;
		};
/* End PBXFrameworksBuildPhase section */

/* Begin PBXGroup section */
		C6BDE0A421DEA479006ADD9C = {
			isa = PBXGroup;
			children = (
				C6BDE0B021DEA479006ADD9C /* AppDelegate.swift */,
				C6BDE0AF21DEA479006ADD9C /* Todoey */,
				C6BDE0AE21DEA479006ADD9C /* Products */,
			);
			sourceTree = "<group>";
		};
		C6BDE0AE21DEA479006ADD9C /* Products */ = {
			isa = PBXGroup;
			children = (
				C6BDE0AD21DEA479006ADD9C /* Todoey.app */,
			);
			name = Products;
			sourceTree = "<group>";
		};
		C6BDE0AF21DEA479006ADD9C /* Todoey */ = {
			isa = PBXGroup;
			children = (
				C6BDE0C721DF97C1006ADD9C /* Controllers */,
				C6BDE0C821DF97D9006ADD9C /* Views */,
				C6BDE0C921DF97F9006ADD9C /* Supporting Files */,
				C6BDE0BC21DEA47A006ADD9C /* Info.plist */,
				C6BDE0C621DF97AB006ADD9C /* Data Model */,
			);
			path = Todoey;
			sourceTree = "<group>";
		};
		C6BDE0C621DF97AB006ADD9C /* Data Model */ = {
			isa = PBXGroup;
			children = (
				C6BDE0CA21E01B66006ADD9C /* DataModel.xcdatamodeld */,
			);
			path = "Data Model";
			sourceTree = "<group>";
		};
		C6BDE0C721DF97C1006ADD9C /* Controllers */ = {
			isa = PBXGroup;
			children = (
				C6BDE0B221DEA479006ADD9C /* TodoListViewController.swift */,
				C6C56E4421E4C89A0017B34D /* CategoryTableViewController.swift */,
			);
			path = Controllers;
			sourceTree = "<group>";
		};
		C6BDE0C821DF97D9006ADD9C /* Views */ = {
			isa = PBXGroup;
			children = (
				C6BDE0B421DEA479006ADD9C /* Main.storyboard */,
			);
			path = Views;
			sourceTree = "<group>";
		};
		C6BDE0C921DF97F9006ADD9C /* Supporting Files */ = {
			isa = PBXGroup;
			children = (
				C6BDE0B721DEA47A006ADD9C /* Assets.xcassets */,
				C6BDE0B921DEA47A006ADD9C /* LaunchScreen.storyboard */,
			);
			path = "Supporting Files";
			sourceTree = "<group>";
		};
/* End PBXGroup section */

/* Begin PBXNativeTarget section */
		C6BDE0AC21DEA479006ADD9C /* Todoey */ = {
			isa = PBXNativeTarget;
			buildConfigurationList = C6BDE0BF21DEA47A006ADD9C /* Build configuration list for PBXNativeTarget "Todoey" */;
			buildPhases = (
				C6BDE0A921DEA479006ADD9C /* Sources */,
				C6BDE0AA21DEA479006ADD9C /* Frameworks */,
				C6BDE0AB21DEA479006ADD9C /* Resources */,
			);
			buildRules = (
			);
			dependencies = (
			);
			name = Todoey;
			productName = Todoey;
			productReference = C6BDE0AD21DEA479006ADD9C /* Todoey.app */;
			productType = "com.apple.product-type.application";
		};
/* End PBXNativeTarget section */

/* Begin PBXProject section */
		C6BDE0A521DEA479006ADD9C /* Project object */ = {
			isa = PBXProject;
			attributes = {
				LastSwiftUpdateCheck = 1010;
				LastUpgradeCheck = 1010;
				ORGANIZATIONNAME = "fatih maytalman";
				TargetAttributes = {
					C6BDE0AC21DEA479006ADD9C = {
						CreatedOnToolsVersion = 10.1;
					};
				};
			};
			buildConfigurationList = C6BDE0A821DEA479006ADD9C /* Build configuration list for PBXProject "Todoey" */;
			compatibilityVersion = "Xcode 9.3";
			developmentRegion = en;
			hasScannedForEncodings = 0;
			knownRegions = (
				en,
				Base,
			);
			mainGroup = C6BDE0A421DEA479006ADD9C;
			productRefGroup = C6BDE0AE21DEA479006ADD9C /* Products */;
			projectDirPath = "";
			projectRoot = "";
			targets = (
				C6BDE0AC21DEA479006ADD9C /* Todoey */,
			);
		};
/* End PBXProject section */

/* Begin PBXResourcesBuildPhase section */
		C6BDE0AB21DEA479006ADD9C /* Resources */ = {
			isa = PBXResourcesBuildPhase;
			buildActionMask = 2147483647;
			files = (
				C6BDE0BB21DEA47A006ADD9C /* LaunchScreen.storyboard in Resources */,
				C6BDE0B821DEA47A006ADD9C /* Assets.xcassets in Resources */,
				C6BDE0B621DEA479006ADD9C /* Main.storyboard in Resources */,
			);
			runOnlyForDeploymentPostprocessing = 0;
		};
/* End PBXResourcesBuildPhase section */

/* Begin PBXSourcesBuildPhase section */
		C6BDE0A921DEA479006ADD9C /* Sources */ = {
			isa = PBXSourcesBuildPhase;
			buildActionMask = 2147483647;
			files = (
				C6BDE0B321DEA479006ADD9C /* TodoListViewController.swift in Sources */,
				C6BDE0CC21E01B66006ADD9C /* DataModel.xcdatamodeld in Sources */,
				C6BDE0B121DEA479006ADD9C /* AppDelegate.swift in Sources */,
				C6C56E4521E4C89A0017B34D /* CategoryTableViewController.swift in Sources */,
			);
			runOnlyForDeploymentPostprocessing = 0;
		};
/* End PBXSourcesBuildPhase section */

/* Begin PBXVariantGroup section */
		C6BDE0B421DEA479006ADD9C /* Main.storyboard */ = {
			isa = PBXVariantGroup;
			children = (
				C6BDE0B521DEA479006ADD9C /* Base */,
			);
			name = Main.storyboard;
			sourceTree = "<group>";
		};
		C6BDE0B921DEA47A006ADD9C /* LaunchScreen.storyboard */ = {
			isa = PBXVariantGroup;
			children = (
				C6BDE0BA21DEA47A006ADD9C /* Base */,
			);
			name = LaunchScreen.storyboard;
			sourceTree = "<group>";
		};
/* End PBXVariantGroup section */

/* Begin XCBuildConfiguration section */
		C6BDE0BD21DEA47A006ADD9C /* Debug */ = {
			isa = XCBuildConfiguration;
			buildSettings = {
				ALWAYS_SEARCH_USER_PATHS = NO;
				CLANG_ANALYZER_NONNULL = YES;
				CLANG_ANALYZER_NUMBER_OBJECT_CONVERSION = YES_AGGRESSIVE;
				CLANG_CXX_LANGUAGE_STANDARD = "gnu++14";
				CLANG_CXX_LIBRARY = "libc++";
				CLANG_ENABLE_MODULES = YES;
				CLANG_ENABLE_OBJC_ARC = YES;
				CLANG_ENABLE_OBJC_WEAK = YES;
				CLANG_WARN_BLOCK_CAPTURE_AUTORELEASING = YES;
				CLANG_WARN_BOOL_CONVERSION = YES;
				CLANG_WARN_COMMA = YES;
				CLANG_WARN_CONSTANT_CONVERSION = YES;
				CLANG_WARN_DEPRECATED_OBJC_IMPLEMENTATIONS = YES;
				CLANG_WARN_DIRECT_OBJC_ISA_USAGE = YES_ERROR;
				CLANG_WARN_DOCUMENTATION_COMMENTS = YES;
				CLANG_WARN_EMPTY_BODY = YES;
				CLANG_WARN_ENUM_CONVERSION = YES;
				CLANG_WARN_INFINITE_RECURSION = YES;
				CLANG_WARN_INT_CONVERSION = YES;
				CLANG_WARN_NON_LITERAL_NULL_CONVERSION = YES;
				CLANG_WARN_OBJC_IMPLICIT_RETAIN_SELF = YES;
				CLANG_WARN_OBJC_LITERAL_CONVERSION = YES;
				CLANG_WARN_OBJC_ROOT_CLASS = YES_ERROR;
				CLANG_WARN_RANGE_LOOP_ANALYSIS = YES;
				CLANG_WARN_STRICT_PROTOTYPES = YES;
				CLANG_WARN_SUSPICIOUS_MOVE = YES;
				CLANG_WARN_UNGUARDED_AVAILABILITY = YES_AGGRESSIVE;
				CLANG_WARN_UNREACHABLE_CODE = YES;
				CLANG_WARN__DUPLICATE_METHOD_MATCH = YES;
				CODE_SIGN_IDENTITY = "iPhone Developer";
				COPY_PHASE_STRIP = NO;
				DEBUG_INFORMATION_FORMAT = dwarf;
				ENABLE_STRICT_OBJC_MSGSEND = YES;
				ENABLE_TESTABILITY = YES;
				GCC_C_LANGUAGE_STANDARD = gnu11;
				GCC_DYNAMIC_NO_PIC = NO;
				GCC_NO_COMMON_BLOCKS = YES;
				GCC_OPTIMIZATION_LEVEL = 0;
				GCC_PREPROCESSOR_DEFINITIONS = (
					"DEBUG=1",
					"$(inherited)",
				);
				GCC_WARN_64_TO_32_BIT_CONVERSION = YES;
				GCC_WARN_ABOUT_RETURN_TYPE = YES_ERROR;
				GCC_WARN_UNDECLARED_SELECTOR = YES;
				GCC_WARN_UNINITIALIZED_AUTOS = YES_AGGRESSIVE;
				GCC_WARN_UNUSED_FUNCTION = YES;
				GCC_WARN_UNUSED_VARIABLE = YES;
				IPHONEOS_DEPLOYMENT_TARGET = 12.1;
				MTL_ENABLE_DEBUG_INFO = INCLUDE_SOURCE;
				MTL_FAST_MATH = YES;
				ONLY_ACTIVE_ARCH = YES;
				SDKROOT = iphoneos;
				SWIFT_ACTIVE_COMPILATION_CONDITIONS = DEBUG;
				SWIFT_OPTIMIZATION_LEVEL = "-Onone";
			};
			name = Debug;
		};
		C6BDE0BE21DEA47A006ADD9C /* Release */ = {
			isa = XCBuildConfiguration;
			buildSettings = {
				ALWAYS_SEARCH_USER_PATHS = NO;
				CLANG_ANALYZER_NONNULL = YES;
				CLANG_ANALYZER_NUMBER_OBJECT_CONVERSION = YES_AGGRESSIVE;
				CLANG_CXX_LANGUAGE_STANDARD = "gnu++14";
				CLANG_CXX_LIBRARY = "libc++";
				CLANG_ENABLE_MODULES = YES;
				CLANG_ENABLE_OBJC_ARC = YES;
				CLANG_ENABLE_OBJC_WEAK = YES;
				CLANG_WARN_BLOCK_CAPTURE_AUTORELEASING = YES;
				CLANG_WARN_BOOL_CONVERSION = YES;
				CLANG_WARN_COMMA = YES;
				CLANG_WARN_CONSTANT_CONVERSION = YES;
				CLANG_WARN_DEPRECATED_OBJC_IMPLEMENTATIONS = YES;
				CLANG_WARN_DIRECT_OBJC_ISA_USAGE = YES_ERROR;
				CLANG_WARN_DOCUMENTATION_COMMENTS = YES;
				CLANG_WARN_EMPTY_BODY = YES;
				CLANG_WARN_ENUM_CONVERSION = YES;
				CLANG_WARN_INFINITE_RECURSION = YES;
				CLANG_WARN_INT_CONVERSION = YES;
				CLANG_WARN_NON_LITERAL_NULL_CONVERSION = YES;
				CLANG_WARN_OBJC_IMPLICIT_RETAIN_SELF = YES;
				CLANG_WARN_OBJC_LITERAL_CONVERSION = YES;
				CLANG_WARN_OBJC_ROOT_CLASS = YES_ERROR;
				CLANG_WARN_RANGE_LOOP_ANALYSIS = YES;
				CLANG_WARN_STRICT_PROTOTYPES = YES;
				CLANG_WARN_SUSPICIOUS_MOVE = YES;
				CLANG_WARN_UNGUARDED_AVAILABILITY = YES_AGGRESSIVE;
				CLANG_WARN_UNREACHABLE_CODE = YES;
				CLANG_WARN__DUPLICATE_METHOD_MATCH = YES;
				CODE_SIGN_IDENTITY = "iPhone Developer";
				COPY_PHASE_STRIP = NO;
				DEBUG_INFORMATION_FORMAT = "dwarf-with-dsym";
				ENABLE_NS_ASSERTIONS = NO;
				ENABLE_STRICT_OBJC_MSGSEND = YES;
				GCC_C_LANGUAGE_STANDARD = gnu11;
				GCC_NO_COMMON_BLOCKS = YES;
				GCC_WARN_64_TO_32_BIT_CONVERSION = YES;
				GCC_WARN_ABOUT_RETURN_TYPE = YES_ERROR;
				GCC_WARN_UNDECLARED_SELECTOR = YES;
				GCC_WARN_UNINITIALIZED_AUTOS = YES_AGGRESSIVE;
				GCC_WARN_UNUSED_FUNCTION = YES;
				GCC_WARN_UNUSED_VARIABLE = YES;
				IPHONEOS_DEPLOYMENT_TARGET = 12.1;
				MTL_ENABLE_DEBUG_INFO = NO;
				MTL_FAST_MATH = YES;
				SDKROOT = iphoneos;
				SWIFT_COMPILATION_MODE = wholemodule;
				SWIFT_OPTIMIZATION_LEVEL = "-O";
				VALIDATE_PRODUCT = YES;
			};
			name = Release;
		};
		C6BDE0C021DEA47A006ADD9C /* Debug */ = {
			isa = XCBuildConfiguration;
			buildSettings = {
				ASSETCATALOG_COMPILER_APPICON_NAME = AppIcon;
				CODE_SIGN_STYLE = Automatic;
				INFOPLIST_FILE = Todoey/Info.plist;
				LD_RUNPATH_SEARCH_PATHS = (
					"$(inherited)",
					"@executable_path/Frameworks",
				);
				PRODUCT_BUNDLE_IDENTIFIER = fatih.Todoey;
				PRODUCT_NAME = "$(TARGET_NAME)";
				SWIFT_VERSION = 4.2;
				TARGETED_DEVICE_FAMILY = "1,2";
			};
			name = Debug;
		};
		C6BDE0C121DEA47A006ADD9C /* Release */ = {
			isa = XCBuildConfiguration;
			buildSettings = {
				ASSETCATALOG_COMPILER_APPICON_NAME = AppIcon;
				CODE_SIGN_STYLE = Automatic;
				INFOPLIST_FILE = Todoey/Info.plist;
				LD_RUNPATH_SEARCH_PATHS = (
					"$(inherited)",
					"@executable_path/Frameworks",
				);
				PRODUCT_BUNDLE_IDENTIFIER = fatih.Todoey;
				PRODUCT_NAME = "$(TARGET_NAME)";
				SWIFT_VERSION = 4.2;
				TARGETED_DEVICE_FAMILY = "1,2";
			};
			name = Release;
		};
/* End XCBuildConfiguration section */

/* Begin XCConfigurationList section */
		C6BDE0A821DEA479006ADD9C /* Build configuration list for PBXProject "Todoey" */ = {
			isa = XCConfigurationList;
			buildConfigurations = (
				C6BDE0BD21DEA47A006ADD9C /* Debug */,
				C6BDE0BE21DEA47A006ADD9C /* Release */,
			);
			defaultConfigurationIsVisible = 0;
			defaultConfigurationName = Release;
		};
		C6BDE0BF21DEA47A006ADD9C /* Build configuration list for PBXNativeTarget "Todoey" */ = {
			isa = XCConfigurationList;
			buildConfigurations = (
				C6BDE0C021DEA47A006ADD9C /* Debug */,
				C6BDE0C121DEA47A006ADD9C /* Release */,
			);
			defaultConfigurationIsVisible = 0;
			defaultConfigurationName = Release;
		};
/* End XCConfigurationList section */

/* Begin XCVersionGroup section */
		C6BDE0CA21E01B66006ADD9C /* DataModel.xcdatamodeld */ = {
			isa = XCVersionGroup;
			children = (
				C6BDE0CB21E01B66006ADD9C /* DataModel.xcdatamodel */,
			);
			currentVersion = C6BDE0CB21E01B66006ADD9C /* DataModel.xcdatamodel */;
			path = DataModel.xcdatamodeld;
			sourceTree = "<group>";
			versionGroupType = wrapper.xcdatamodel;
		};
/* End XCVersionGroup section */
	};
	rootObject = C6BDE0A521DEA479006ADD9C /* Project object */;
}
